// !$*UTF8*$!
{
	archiveVersion = 1;
	classes = {
	};
	objectVersion = 56;
	objects = {

/* Begin PBXBuildFile section */
		0DBA597C2C090CD3000A1FE3 /* Assets.xcassets in Resources */ = {isa = PBXBuildFile; fileRef = 0DBA597B2C090CD3000A1FE3 /* Assets.xcassets */; };
		0DBA597F2C090CD3000A1FE3 /* Preview Assets.xcassets in Resources */ = {isa = PBXBuildFile; fileRef = 0DBA597E2C090CD3000A1FE3 /* Preview Assets.xcassets */; };
		0DBA59862C090D3E000A1FE3 /* UI_InfoApp.swift in Sources */ = {isa = PBXBuildFile; fileRef = 0DBA59852C090D3E000A1FE3 /* UI_InfoApp.swift */; };
		0DBA59A62C090D46000A1FE3 /* ContentView.swift in Sources */ = {isa = PBXBuildFile; fileRef = 0DBA59872C090D46000A1FE3 /* ContentView.swift */; };
		0DBA59A82C090D46000A1FE3 /* DetermineIcon.swift in Sources */ = {isa = PBXBuildFile; fileRef = 0DBA59892C090D46000A1FE3 /* DetermineIcon.swift */; };
		0DBA59A92C090D46000A1FE3 /* GetImageURLDirectory.swift in Sources */ = {isa = PBXBuildFile; fileRef = 0DBA598A2C090D46000A1FE3 /* GetImageURLDirectory.swift */; };
		0DBA59AB2C090D46000A1FE3 /* LoadCampusDataFromS3.swift in Sources */ = {isa = PBXBuildFile; fileRef = 0DBA598C2C090D46000A1FE3 /* LoadCampusDataFromS3.swift */; };
		0DBA59AC2C090D46000A1FE3 /* UpdateSelectedCampus.swift in Sources */ = {isa = PBXBuildFile; fileRef = 0DBA598D2C090D46000A1FE3 /* UpdateSelectedCampus.swift */; };
		0DBA59AD2C090D46000A1FE3 /* CampusCategoryStruct.swift in Sources */ = {isa = PBXBuildFile; fileRef = 0DBA598F2C090D46000A1FE3 /* CampusCategoryStruct.swift */; };
		0DBA59AE2C090D46000A1FE3 /* CampusCoordinatesLocal.swift in Sources */ = {isa = PBXBuildFile; fileRef = 0DBA59902C090D46000A1FE3 /* CampusCoordinatesLocal.swift */; };
		0DBA59AF2C090D46000A1FE3 /* CampusDataStructure.swift in Sources */ = {isa = PBXBuildFile; fileRef = 0DBA59912C090D46000A1FE3 /* CampusDataStructure.swift */; };
		0DBA59B02C090D46000A1FE3 /* InformationDataStructure.swift in Sources */ = {isa = PBXBuildFile; fileRef = 0DBA59922C090D46000A1FE3 /* InformationDataStructure.swift */; };
		0DBA59B12C090D46000A1FE3 /* PlaceStruct.swift in Sources */ = {isa = PBXBuildFile; fileRef = 0DBA59932C090D46000A1FE3 /* PlaceStruct.swift */; };
		0DBA59B22C090D46000A1FE3 /* MockCampusData.swift in Sources */ = {isa = PBXBuildFile; fileRef = 0DBA59952C090D46000A1FE3 /* MockCampusData.swift */; };
		0DBA59B32C090D46000A1FE3 /* ColoredButtonView.swift in Sources */ = {isa = PBXBuildFile; fileRef = 0DBA59972C090D46000A1FE3 /* ColoredButtonView.swift */; };
		0DBA59B42C090D46000A1FE3 /* ContentViewWrapper.swift in Sources */ = {isa = PBXBuildFile; fileRef = 0DBA59982C090D46000A1FE3 /* ContentViewWrapper.swift */; };
		0DBA59B52C090D46000A1FE3 /* InfoTabView.swift in Sources */ = {isa = PBXBuildFile; fileRef = 0DBA59992C090D46000A1FE3 /* InfoTabView.swift */; };
		0DBA59B62C090D46000A1FE3 /* LandmarksTabView.swift in Sources */ = {isa = PBXBuildFile; fileRef = 0DBA599A2C090D46000A1FE3 /* LandmarksTabView.swift */; };
		0DBA59B72C090D46000A1FE3 /* MapTabView.swift in Sources */ = {isa = PBXBuildFile; fileRef = 0DBA599B2C090D46000A1FE3 /* MapTabView.swift */; };
		0DBA59B82C090D46000A1FE3 /* SearchSheetView.swift in Sources */ = {isa = PBXBuildFile; fileRef = 0DBA599C2C090D46000A1FE3 /* SearchSheetView.swift */; };
		0DBA59B92C090D46000A1FE3 /* SelectedPlaceInformationSheet.swift in Sources */ = {isa = PBXBuildFile; fileRef = 0DBA599D2C090D46000A1FE3 /* SelectedPlaceInformationSheet.swift */; };
		0DBA59BA2C090D46000A1FE3 /* SheetView.swift in Sources */ = {isa = PBXBuildFile; fileRef = 0DBA599E2C090D46000A1FE3 /* SheetView.swift */; };
		0DBA59BB2C090D46000A1FE3 /* SingleSearchResultView.swift in Sources */ = {isa = PBXBuildFile; fileRef = 0DBA599F2C090D46000A1FE3 /* SingleSearchResultView.swift */; };
		0DBA59BC2C090D46000A1FE3 /* SingularPlaceTile.swift in Sources */ = {isa = PBXBuildFile; fileRef = 0DBA59A02C090D46000A1FE3 /* SingularPlaceTile.swift */; };
		0DBA59BD2C090D46000A1FE3 /* UIButtonView.swift in Sources */ = {isa = PBXBuildFile; fileRef = 0DBA59A12C090D46000A1FE3 /* UIButtonView.swift */; };
		0DBA59BE2C090D46000A1FE3 /* UIKitMapViewRepresentable.swift in Sources */ = {isa = PBXBuildFile; fileRef = 0DBA59A22C090D46000A1FE3 /* UIKitMapViewRepresentable.swift */; };
		0DBA59BF2C090D46000A1FE3 /* WelcomeScreenButtonView.swift in Sources */ = {isa = PBXBuildFile; fileRef = 0DBA59A32C090D46000A1FE3 /* WelcomeScreenButtonView.swift */; };
		0DBA59C02C090D46000A1FE3 /* WelcomeScreen.swift in Sources */ = {isa = PBXBuildFile; fileRef = 0DBA59A52C090D46000A1FE3 /* WelcomeScreen.swift */; };
		0DBA59C32C090E7A000A1FE3 /* AWSCognitoIdentityProvider in Frameworks */ = {isa = PBXBuildFile; productRef = 0DBA59C22C090E7A000A1FE3 /* AWSCognitoIdentityProvider */; };
		0DBA59C52C090E7A000A1FE3 /* AWSCore in Frameworks */ = {isa = PBXBuildFile; productRef = 0DBA59C42C090E7A000A1FE3 /* AWSCore */; };
		0DBA59C72C090E7A000A1FE3 /* AWSS3 in Frameworks */ = {isa = PBXBuildFile; productRef = 0DBA59C62C090E7A000A1FE3 /* AWSS3 */; };
/* End PBXBuildFile section */

/* Begin PBXFileReference section */
		0DBA59742C090CD2000A1FE3 /* UI Info.app */ = {isa = PBXFileReference; explicitFileType = wrapper.application; includeInIndex = 0; path = "UI Info.app"; sourceTree = BUILT_PRODUCTS_DIR; };
		0DBA597B2C090CD3000A1FE3 /* Assets.xcassets */ = {isa = PBXFileReference; lastKnownFileType = folder.assetcatalog; path = Assets.xcassets; sourceTree = "<group>"; };
		0DBA597E2C090CD3000A1FE3 /* Preview Assets.xcassets */ = {isa = PBXFileReference; lastKnownFileType = folder.assetcatalog; path = "Preview Assets.xcassets"; sourceTree = "<group>"; };
		0DBA59852C090D3E000A1FE3 /* UI_InfoApp.swift */ = {isa = PBXFileReference; fileEncoding = 4; lastKnownFileType = sourcecode.swift; path = UI_InfoApp.swift; sourceTree = "<group>"; };
		0DBA59872C090D46000A1FE3 /* ContentView.swift */ = {isa = PBXFileReference; fileEncoding = 4; lastKnownFileType = sourcecode.swift; path = ContentView.swift; sourceTree = "<group>"; };
		0DBA59892C090D46000A1FE3 /* DetermineIcon.swift */ = {isa = PBXFileReference; fileEncoding = 4; lastKnownFileType = sourcecode.swift; path = DetermineIcon.swift; sourceTree = "<group>"; };
		0DBA598A2C090D46000A1FE3 /* GetImageURLDirectory.swift */ = {isa = PBXFileReference; fileEncoding = 4; lastKnownFileType = sourcecode.swift; path = GetImageURLDirectory.swift; sourceTree = "<group>"; };
		0DBA598C2C090D46000A1FE3 /* LoadCampusDataFromS3.swift */ = {isa = PBXFileReference; fileEncoding = 4; lastKnownFileType = sourcecode.swift; path = LoadCampusDataFromS3.swift; sourceTree = "<group>"; };
		0DBA598D2C090D46000A1FE3 /* UpdateSelectedCampus.swift */ = {isa = PBXFileReference; fileEncoding = 4; lastKnownFileType = sourcecode.swift; path = UpdateSelectedCampus.swift; sourceTree = "<group>"; };
		0DBA598F2C090D46000A1FE3 /* CampusCategoryStruct.swift */ = {isa = PBXFileReference; fileEncoding = 4; lastKnownFileType = sourcecode.swift; path = CampusCategoryStruct.swift; sourceTree = "<group>"; };
		0DBA59902C090D46000A1FE3 /* CampusCoordinatesLocal.swift */ = {isa = PBXFileReference; fileEncoding = 4; lastKnownFileType = sourcecode.swift; path = CampusCoordinatesLocal.swift; sourceTree = "<group>"; };
		0DBA59912C090D46000A1FE3 /* CampusDataStructure.swift */ = {isa = PBXFileReference; fileEncoding = 4; lastKnownFileType = sourcecode.swift; path = CampusDataStructure.swift; sourceTree = "<group>"; };
		0DBA59922C090D46000A1FE3 /* InformationDataStructure.swift */ = {isa = PBXFileReference; fileEncoding = 4; lastKnownFileType = sourcecode.swift; path = InformationDataStructure.swift; sourceTree = "<group>"; };
		0DBA59932C090D46000A1FE3 /* PlaceStruct.swift */ = {isa = PBXFileReference; fileEncoding = 4; lastKnownFileType = sourcecode.swift; path = PlaceStruct.swift; sourceTree = "<group>"; };
		0DBA59952C090D46000A1FE3 /* MockCampusData.swift */ = {isa = PBXFileReference; fileEncoding = 4; lastKnownFileType = sourcecode.swift; path = MockCampusData.swift; sourceTree = "<group>"; };
		0DBA59972C090D46000A1FE3 /* ColoredButtonView.swift */ = {isa = PBXFileReference; fileEncoding = 4; lastKnownFileType = sourcecode.swift; path = ColoredButtonView.swift; sourceTree = "<group>"; };
		0DBA59982C090D46000A1FE3 /* ContentViewWrapper.swift */ = {isa = PBXFileReference; fileEncoding = 4; lastKnownFileType = sourcecode.swift; path = ContentViewWrapper.swift; sourceTree = "<group>"; };
		0DBA59992C090D46000A1FE3 /* InfoTabView.swift */ = {isa = PBXFileReference; fileEncoding = 4; lastKnownFileType = sourcecode.swift; path = InfoTabView.swift; sourceTree = "<group>"; };
		0DBA599A2C090D46000A1FE3 /* LandmarksTabView.swift */ = {isa = PBXFileReference; fileEncoding = 4; lastKnownFileType = sourcecode.swift; path = LandmarksTabView.swift; sourceTree = "<group>"; };
		0DBA599B2C090D46000A1FE3 /* MapTabView.swift */ = {isa = PBXFileReference; fileEncoding = 4; lastKnownFileType = sourcecode.swift; path = MapTabView.swift; sourceTree = "<group>"; };
		0DBA599C2C090D46000A1FE3 /* SearchSheetView.swift */ = {isa = PBXFileReference; fileEncoding = 4; lastKnownFileType = sourcecode.swift; path = SearchSheetView.swift; sourceTree = "<group>"; };
		0DBA599D2C090D46000A1FE3 /* SelectedPlaceInformationSheet.swift */ = {isa = PBXFileReference; fileEncoding = 4; lastKnownFileType = sourcecode.swift; path = SelectedPlaceInformationSheet.swift; sourceTree = "<group>"; };
		0DBA599E2C090D46000A1FE3 /* SheetView.swift */ = {isa = PBXFileReference; fileEncoding = 4; lastKnownFileType = sourcecode.swift; path = SheetView.swift; sourceTree = "<group>"; };
		0DBA599F2C090D46000A1FE3 /* SingleSearchResultView.swift */ = {isa = PBXFileReference; fileEncoding = 4; lastKnownFileType = sourcecode.swift; path = SingleSearchResultView.swift; sourceTree = "<group>"; };
		0DBA59A02C090D46000A1FE3 /* SingularPlaceTile.swift */ = {isa = PBXFileReference; fileEncoding = 4; lastKnownFileType = sourcecode.swift; path = SingularPlaceTile.swift; sourceTree = "<group>"; };
		0DBA59A12C090D46000A1FE3 /* UIButtonView.swift */ = {isa = PBXFileReference; fileEncoding = 4; lastKnownFileType = sourcecode.swift; path = UIButtonView.swift; sourceTree = "<group>"; };
		0DBA59A22C090D46000A1FE3 /* UIKitMapViewRepresentable.swift */ = {isa = PBXFileReference; fileEncoding = 4; lastKnownFileType = sourcecode.swift; path = UIKitMapViewRepresentable.swift; sourceTree = "<group>"; };
		0DBA59A32C090D46000A1FE3 /* WelcomeScreenButtonView.swift */ = {isa = PBXFileReference; fileEncoding = 4; lastKnownFileType = sourcecode.swift; path = WelcomeScreenButtonView.swift; sourceTree = "<group>"; };
		0DBA59A52C090D46000A1FE3 /* WelcomeScreen.swift */ = {isa = PBXFileReference; fileEncoding = 4; lastKnownFileType = sourcecode.swift; path = WelcomeScreen.swift; sourceTree = "<group>"; };
/* End PBXFileReference section */

/* Begin PBXFrameworksBuildPhase section */
		0DBA59712C090CD2000A1FE3 /* Frameworks */ = {
			isa = PBXFrameworksBuildPhase;
			buildActionMask = 2147483647;
			files = (
				0DBA59C72C090E7A000A1FE3 /* AWSS3 in Frameworks */,
				0DBA59C32C090E7A000A1FE3 /* AWSCognitoIdentityProvider in Frameworks */,
				0DBA59C52C090E7A000A1FE3 /* AWSCore in Frameworks */,
			);
			runOnlyForDeploymentPostprocessing = 0;
		};
/* End PBXFrameworksBuildPhase section */

/* Begin PBXGroup section */
		0DBA596B2C090CD2000A1FE3 = {
			isa = PBXGroup;
			children = (
				0DBA59762C090CD2000A1FE3 /* UI Info */,
				0DBA59752C090CD2000A1FE3 /* Products */,
			);
			sourceTree = "<group>";
		};
		0DBA59752C090CD2000A1FE3 /* Products */ = {
			isa = PBXGroup;
			children = (
				0DBA59742C090CD2000A1FE3 /* UI Info.app */,
			);
			name = Products;
			sourceTree = "<group>";
		};
		0DBA59762C090CD2000A1FE3 /* UI Info */ = {
			isa = PBXGroup;
			children = (
				0DBA59852C090D3E000A1FE3 /* UI_InfoApp.swift */,
				0DBA59872C090D46000A1FE3 /* ContentView.swift */,
				0DBA59942C090D46000A1FE3 /* DataStructures */,
				0DBA598E2C090D46000A1FE3 /* Functions */,
				0DBA59962C090D46000A1FE3 /* MockData */,
				0DBA59A42C090D46000A1FE3 /* SubViews */,
				0DBA59A52C090D46000A1FE3 /* WelcomeScreen.swift */,
				0DBA597B2C090CD3000A1FE3 /* Assets.xcassets */,
				0DBA597D2C090CD3000A1FE3 /* Preview Content */,
			);
			path = "UI Info";
			sourceTree = "<group>";
		};
		0DBA597D2C090CD3000A1FE3 /* Preview Content */ = {
			isa = PBXGroup;
			children = (
				0DBA597E2C090CD3000A1FE3 /* Preview Assets.xcassets */,
			);
			path = "Preview Content";
			sourceTree = "<group>";
		};
		0DBA598E2C090D46000A1FE3 /* Functions */ = {
			isa = PBXGroup;
			children = (
				0DBA59892C090D46000A1FE3 /* DetermineIcon.swift */,
				0DBA598A2C090D46000A1FE3 /* GetImageURLDirectory.swift */,
				0DBA598C2C090D46000A1FE3 /* LoadCampusDataFromS3.swift */,
				0DBA598D2C090D46000A1FE3 /* UpdateSelectedCampus.swift */,
			);
			path = Functions;
			sourceTree = "<group>";
		};
		0DBA59942C090D46000A1FE3 /* DataStructures */ = {
			isa = PBXGroup;
			children = (
				0DBA598F2C090D46000A1FE3 /* CampusCategoryStruct.swift */,
				0DBA59902C090D46000A1FE3 /* CampusCoordinatesLocal.swift */,
				0DBA59912C090D46000A1FE3 /* CampusDataStructure.swift */,
				0DBA59922C090D46000A1FE3 /* InformationDataStructure.swift */,
				0DBA59932C090D46000A1FE3 /* PlaceStruct.swift */,
			);
			path = DataStructures;
			sourceTree = "<group>";
		};
		0DBA59962C090D46000A1FE3 /* MockData */ = {
			isa = PBXGroup;
			children = (
				0DBA59952C090D46000A1FE3 /* MockCampusData.swift */,
			);
			path = MockData;
			sourceTree = "<group>";
		};
		0DBA59A42C090D46000A1FE3 /* SubViews */ = {
			isa = PBXGroup;
			children = (
				0DBA59972C090D46000A1FE3 /* ColoredButtonView.swift */,
				0DBA59982C090D46000A1FE3 /* ContentViewWrapper.swift */,
				0DBA59992C090D46000A1FE3 /* InfoTabView.swift */,
				0DBA599A2C090D46000A1FE3 /* LandmarksTabView.swift */,
				0DBA599B2C090D46000A1FE3 /* MapTabView.swift */,
				0DBA599C2C090D46000A1FE3 /* SearchSheetView.swift */,
				0DBA599D2C090D46000A1FE3 /* SelectedPlaceInformationSheet.swift */,
				0DBA599E2C090D46000A1FE3 /* SheetView.swift */,
				0DBA599F2C090D46000A1FE3 /* SingleSearchResultView.swift */,
				0DBA59A02C090D46000A1FE3 /* SingularPlaceTile.swift */,
				0DBA59A12C090D46000A1FE3 /* UIButtonView.swift */,
				0DBA59A22C090D46000A1FE3 /* UIKitMapViewRepresentable.swift */,
				0DBA59A32C090D46000A1FE3 /* WelcomeScreenButtonView.swift */,
			);
			path = SubViews;
			sourceTree = "<group>";
		};
/* End PBXGroup section */

/* Begin PBXNativeTarget section */
		0DBA59732C090CD2000A1FE3 /* UI Info */ = {
			isa = PBXNativeTarget;
			buildConfigurationList = 0DBA59822C090CD3000A1FE3 /* Build configuration list for PBXNativeTarget "UI Info" */;
			buildPhases = (
				0DBA59702C090CD2000A1FE3 /* Sources */,
				0DBA59712C090CD2000A1FE3 /* Frameworks */,
				0DBA59722C090CD2000A1FE3 /* Resources */,
			);
			buildRules = (
			);
			dependencies = (
			);
			name = "UI Info";
			packageProductDependencies = (
				0DBA59C22C090E7A000A1FE3 /* AWSCognitoIdentityProvider */,
				0DBA59C42C090E7A000A1FE3 /* AWSCore */,
				0DBA59C62C090E7A000A1FE3 /* AWSS3 */,
			);
			productName = "UI Info";
			productReference = 0DBA59742C090CD2000A1FE3 /* UI Info.app */;
			productType = "com.apple.product-type.application";
		};
/* End PBXNativeTarget section */

/* Begin PBXProject section */
		0DBA596C2C090CD2000A1FE3 /* Project object */ = {
			isa = PBXProject;
			attributes = {
				BuildIndependentTargetsInParallel = 1;
				LastSwiftUpdateCheck = 1540;
				LastUpgradeCheck = 1540;
				TargetAttributes = {
					0DBA59732C090CD2000A1FE3 = {
						CreatedOnToolsVersion = 15.4;
						LastSwiftMigration = 1540;
					};
				};
			};
			buildConfigurationList = 0DBA596F2C090CD2000A1FE3 /* Build configuration list for PBXProject "UI Info" */;
			compatibilityVersion = "Xcode 14.0";
			developmentRegion = en;
			hasScannedForEncodings = 0;
			knownRegions = (
				en,
				Base,
			);
			mainGroup = 0DBA596B2C090CD2000A1FE3;
			packageReferences = (
				0DBA59C12C090E7A000A1FE3 /* XCRemoteSwiftPackageReference "aws-sdk-ios-spm" */,
			);
			productRefGroup = 0DBA59752C090CD2000A1FE3 /* Products */;
			projectDirPath = "";
			projectRoot = "";
			targets = (
				0DBA59732C090CD2000A1FE3 /* UI Info */,
			);
		};
/* End PBXProject section */

/* Begin PBXResourcesBuildPhase section */
		0DBA59722C090CD2000A1FE3 /* Resources */ = {
			isa = PBXResourcesBuildPhase;
			buildActionMask = 2147483647;
			files = (
				0DBA597F2C090CD3000A1FE3 /* Preview Assets.xcassets in Resources */,
				0DBA597C2C090CD3000A1FE3 /* Assets.xcassets in Resources */,
			);
			runOnlyForDeploymentPostprocessing = 0;
		};
/* End PBXResourcesBuildPhase section */

/* Begin PBXSourcesBuildPhase section */
		0DBA59702C090CD2000A1FE3 /* Sources */ = {
			isa = PBXSourcesBuildPhase;
			buildActionMask = 2147483647;
			files = (
				0DBA59A82C090D46000A1FE3 /* DetermineIcon.swift in Sources */,
				0DBA59BC2C090D46000A1FE3 /* SingularPlaceTile.swift in Sources */,
				0DBA59B32C090D46000A1FE3 /* ColoredButtonView.swift in Sources */,
				0DBA59B12C090D46000A1FE3 /* PlaceStruct.swift in Sources */,
				0DBA59B62C090D46000A1FE3 /* LandmarksTabView.swift in Sources */,
				0DBA59B72C090D46000A1FE3 /* MapTabView.swift in Sources */,
				0DBA59B82C090D46000A1FE3 /* SearchSheetView.swift in Sources */,
				0DBA59B52C090D46000A1FE3 /* InfoTabView.swift in Sources */,
				0DBA59BD2C090D46000A1FE3 /* UIButtonView.swift in Sources */,
				0DBA59AC2C090D46000A1FE3 /* UpdateSelectedCampus.swift in Sources */,
				0DBA59B92C090D46000A1FE3 /* SelectedPlaceInformationSheet.swift in Sources */,
				0DBA59AB2C090D46000A1FE3 /* LoadCampusDataFromS3.swift in Sources */,
				0DBA59B22C090D46000A1FE3 /* MockCampusData.swift in Sources */,
				0DBA59BE2C090D46000A1FE3 /* UIKitMapViewRepresentable.swift in Sources */,
				0DBA59A92C090D46000A1FE3 /* GetImageURLDirectory.swift in Sources */,
				0DBA59BF2C090D46000A1FE3 /* WelcomeScreenButtonView.swift in Sources */,
				0DBA59C02C090D46000A1FE3 /* WelcomeScreen.swift in Sources */,
				0DBA59B02C090D46000A1FE3 /* InformationDataStructure.swift in Sources */,
				0DBA59B42C090D46000A1FE3 /* ContentViewWrapper.swift in Sources */,
				0DBA59BA2C090D46000A1FE3 /* SheetView.swift in Sources */,
				0DBA59BB2C090D46000A1FE3 /* SingleSearchResultView.swift in Sources */,
				0DBA59A62C090D46000A1FE3 /* ContentView.swift in Sources */,
				0DBA59862C090D3E000A1FE3 /* UI_InfoApp.swift in Sources */,
				0DBA59AE2C090D46000A1FE3 /* CampusCoordinatesLocal.swift in Sources */,
				0DBA59AD2C090D46000A1FE3 /* CampusCategoryStruct.swift in Sources */,
				0DBA59AF2C090D46000A1FE3 /* CampusDataStructure.swift in Sources */,
			);
			runOnlyForDeploymentPostprocessing = 0;
		};
/* End PBXSourcesBuildPhase section */

/* Begin XCBuildConfiguration section */
		0DBA59802C090CD3000A1FE3 /* Debug */ = {
			isa = XCBuildConfiguration;
			buildSettings = {
				ALWAYS_SEARCH_USER_PATHS = NO;
				ASSETCATALOG_COMPILER_GENERATE_SWIFT_ASSET_SYMBOL_EXTENSIONS = YES;
				CLANG_ANALYZER_NONNULL = YES;
				CLANG_ANALYZER_NUMBER_OBJECT_CONVERSION = YES_AGGRESSIVE;
				CLANG_CXX_LANGUAGE_STANDARD = "gnu++20";
				CLANG_ENABLE_MODULES = YES;
				CLANG_ENABLE_OBJC_ARC = YES;
				CLANG_ENABLE_OBJC_WEAK = YES;
				CLANG_WARN_BLOCK_CAPTURE_AUTORELEASING = YES;
				CLANG_WARN_BOOL_CONVERSION = YES;
				CLANG_WARN_COMMA = YES;
				CLANG_WARN_CONSTANT_CONVERSION = YES;
				CLANG_WARN_DEPRECATED_OBJC_IMPLEMENTATIONS = YES;
				CLANG_WARN_DIRECT_OBJC_ISA_USAGE = YES_ERROR;
				CLANG_WARN_DOCUMENTATION_COMMENTS = YES;
				CLANG_WARN_EMPTY_BODY = YES;
				CLANG_WARN_ENUM_CONVERSION = YES;
				CLANG_WARN_INFINITE_RECURSION = YES;
				CLANG_WARN_INT_CONVERSION = YES;
				CLANG_WARN_NON_LITERAL_NULL_CONVERSION = YES;
				CLANG_WARN_OBJC_IMPLICIT_RETAIN_SELF = YES;
				CLANG_WARN_OBJC_LITERAL_CONVERSION = YES;
				CLANG_WARN_OBJC_ROOT_CLASS = YES_ERROR;
				CLANG_WARN_QUOTED_INCLUDE_IN_FRAMEWORK_HEADER = YES;
				CLANG_WARN_RANGE_LOOP_ANALYSIS = YES;
				CLANG_WARN_STRICT_PROTOTYPES = YES;
				CLANG_WARN_SUSPICIOUS_MOVE = YES;
				CLANG_WARN_UNGUARDED_AVAILABILITY = YES_AGGRESSIVE;
				CLANG_WARN_UNREACHABLE_CODE = YES;
				CLANG_WARN__DUPLICATE_METHOD_MATCH = YES;
				COPY_PHASE_STRIP = NO;
				DEBUG_INFORMATION_FORMAT = dwarf;
				ENABLE_STRICT_OBJC_MSGSEND = YES;
				ENABLE_TESTABILITY = YES;
				ENABLE_USER_SCRIPT_SANDBOXING = YES;
				GCC_C_LANGUAGE_STANDARD = gnu17;
				GCC_DYNAMIC_NO_PIC = NO;
				GCC_NO_COMMON_BLOCKS = YES;
				GCC_OPTIMIZATION_LEVEL = 0;
				GCC_PREPROCESSOR_DEFINITIONS = (
					"DEBUG=1",
					"$(inherited)",
				);
				GCC_WARN_64_TO_32_BIT_CONVERSION = YES;
				GCC_WARN_ABOUT_RETURN_TYPE = YES_ERROR;
				GCC_WARN_UNDECLARED_SELECTOR = YES;
				GCC_WARN_UNINITIALIZED_AUTOS = YES_AGGRESSIVE;
				GCC_WARN_UNUSED_FUNCTION = YES;
				GCC_WARN_UNUSED_VARIABLE = YES;
				IPHONEOS_DEPLOYMENT_TARGET = 17.5;
				LOCALIZATION_PREFERS_STRING_CATALOGS = YES;
				MTL_ENABLE_DEBUG_INFO = INCLUDE_SOURCE;
				MTL_FAST_MATH = YES;
				ONLY_ACTIVE_ARCH = YES;
				SDKROOT = iphoneos;
				SWIFT_ACTIVE_COMPILATION_CONDITIONS = "DEBUG $(inherited)";
				SWIFT_OPTIMIZATION_LEVEL = "-Onone";
			};
			name = Debug;
		};
		0DBA59812C090CD3000A1FE3 /* Release */ = {
			isa = XCBuildConfiguration;
			buildSettings = {
				ALWAYS_SEARCH_USER_PATHS = NO;
				ASSETCATALOG_COMPILER_GENERATE_SWIFT_ASSET_SYMBOL_EXTENSIONS = YES;
				CLANG_ANALYZER_NONNULL = YES;
				CLANG_ANALYZER_NUMBER_OBJECT_CONVERSION = YES_AGGRESSIVE;
				CLANG_CXX_LANGUAGE_STANDARD = "gnu++20";
				CLANG_ENABLE_MODULES = YES;
				CLANG_ENABLE_OBJC_ARC = YES;
				CLANG_ENABLE_OBJC_WEAK = YES;
				CLANG_WARN_BLOCK_CAPTURE_AUTORELEASING = YES;
				CLANG_WARN_BOOL_CONVERSION = YES;
				CLANG_WARN_COMMA = YES;
				CLANG_WARN_CONSTANT_CONVERSION = YES;
				CLANG_WARN_DEPRECATED_OBJC_IMPLEMENTATIONS = YES;
				CLANG_WARN_DIRECT_OBJC_ISA_USAGE = YES_ERROR;
				CLANG_WARN_DOCUMENTATION_COMMENTS = YES;
				CLANG_WARN_EMPTY_BODY = YES;
				CLANG_WARN_ENUM_CONVERSION = YES;
				CLANG_WARN_INFINITE_RECURSION = YES;
				CLANG_WARN_INT_CONVERSION = YES;
				CLANG_WARN_NON_LITERAL_NULL_CONVERSION = YES;
				CLANG_WARN_OBJC_IMPLICIT_RETAIN_SELF = YES;
				CLANG_WARN_OBJC_LITERAL_CONVERSION = YES;
				CLANG_WARN_OBJC_ROOT_CLASS = YES_ERROR;
				CLANG_WARN_QUOTED_INCLUDE_IN_FRAMEWORK_HEADER = YES;
				CLANG_WARN_RANGE_LOOP_ANALYSIS = YES;
				CLANG_WARN_STRICT_PROTOTYPES = YES;
				CLANG_WARN_SUSPICIOUS_MOVE = YES;
				CLANG_WARN_UNGUARDED_AVAILABILITY = YES_AGGRESSIVE;
				CLANG_WARN_UNREACHABLE_CODE = YES;
				CLANG_WARN__DUPLICATE_METHOD_MATCH = YES;
				COPY_PHASE_STRIP = NO;
				DEBUG_INFORMATION_FORMAT = "dwarf-with-dsym";
				ENABLE_NS_ASSERTIONS = NO;
				ENABLE_STRICT_OBJC_MSGSEND = YES;
				ENABLE_USER_SCRIPT_SANDBOXING = YES;
				GCC_C_LANGUAGE_STANDARD = gnu17;
				GCC_NO_COMMON_BLOCKS = YES;
				GCC_WARN_64_TO_32_BIT_CONVERSION = YES;
				GCC_WARN_ABOUT_RETURN_TYPE = YES_ERROR;
				GCC_WARN_UNDECLARED_SELECTOR = YES;
				GCC_WARN_UNINITIALIZED_AUTOS = YES_AGGRESSIVE;
				GCC_WARN_UNUSED_FUNCTION = YES;
				GCC_WARN_UNUSED_VARIABLE = YES;
				IPHONEOS_DEPLOYMENT_TARGET = 17.5;
				LOCALIZATION_PREFERS_STRING_CATALOGS = YES;
				MTL_ENABLE_DEBUG_INFO = NO;
				MTL_FAST_MATH = YES;
				SDKROOT = iphoneos;
				SWIFT_COMPILATION_MODE = wholemodule;
				VALIDATE_PRODUCT = YES;
			};
			name = Release;
		};
		0DBA59832C090CD3000A1FE3 /* Debug */ = {
			isa = XCBuildConfiguration;
			buildSettings = {
				ASSETCATALOG_COMPILER_APPICON_NAME = AppIcon;
				ASSETCATALOG_COMPILER_GLOBAL_ACCENT_COLOR_NAME = AccentColor;
				CLANG_ENABLE_MODULES = YES;
				CODE_SIGN_STYLE = Automatic;
				CURRENT_PROJECT_VERSION = 1;
				DEVELOPMENT_ASSET_PATHS = "\"UI Info/Preview Content\"";
				DEVELOPMENT_TEAM = 4VY9597K6N;
				ENABLE_PREVIEWS = YES;
				GENERATE_INFOPLIST_FILE = YES;
				INFOPLIST_KEY_UIApplicationSceneManifest_Generation = YES;
				INFOPLIST_KEY_UIApplicationSupportsIndirectInputEvents = YES;
				INFOPLIST_KEY_UILaunchScreen_Generation = YES;
				INFOPLIST_KEY_UISupportedInterfaceOrientations_iPad = "UIInterfaceOrientationPortrait UIInterfaceOrientationPortraitUpsideDown UIInterfaceOrientationLandscapeLeft UIInterfaceOrientationLandscapeRight";
				INFOPLIST_KEY_UISupportedInterfaceOrientations_iPhone = "UIInterfaceOrientationPortrait UIInterfaceOrientationLandscapeLeft UIInterfaceOrientationLandscapeRight";
				LD_RUNPATH_SEARCH_PATHS = (
					"$(inherited)",
					"@executable_path/Frameworks",
				);
				MARKETING_VERSION = 1.0;
				PRODUCT_BUNDLE_IDENTIFIER = "jovanitrejo.UI-Info";
				PRODUCT_NAME = "$(TARGET_NAME)";
				SWIFT_EMIT_LOC_STRINGS = YES;
				SWIFT_OPTIMIZATION_LEVEL = "-Onone";
				SWIFT_VERSION = 5.0;
				TARGETED_DEVICE_FAMILY = "1,2";
			};
			name = Debug;
		};
		0DBA59842C090CD3000A1FE3 /* Release */ = {
			isa = XCBuildConfiguration;
			buildSettings = {
				ASSETCATALOG_COMPILER_APPICON_NAME = AppIcon;
				ASSETCATALOG_COMPILER_GLOBAL_ACCENT_COLOR_NAME = AccentColor;
				CLANG_ENABLE_MODULES = YES;
				CODE_SIGN_STYLE = Automatic;
				CURRENT_PROJECT_VERSION = 1;
				DEVELOPMENT_ASSET_PATHS = "\"UI Info/Preview Content\"";
				DEVELOPMENT_TEAM = 4VY9597K6N;
				ENABLE_PREVIEWS = YES;
				GENERATE_INFOPLIST_FILE = YES;
				INFOPLIST_KEY_UIApplicationSceneManifest_Generation = YES;
				INFOPLIST_KEY_UIApplicationSupportsIndirectInputEvents = YES;
				INFOPLIST_KEY_UILaunchScreen_Generation = YES;
				INFOPLIST_KEY_UISupportedInterfaceOrientations_iPad = "UIInterfaceOrientationPortrait UIInterfaceOrientationPortraitUpsideDown UIInterfaceOrientationLandscapeLeft UIInterfaceOrientationLandscapeRight";
				INFOPLIST_KEY_UISupportedInterfaceOrientations_iPhone = "UIInterfaceOrientationPortrait UIInterfaceOrientationLandscapeLeft UIInterfaceOrientationLandscapeRight";
				LD_RUNPATH_SEARCH_PATHS = (
					"$(inherited)",
					"@executable_path/Frameworks",
				);
				MARKETING_VERSION = 1.0;
				PRODUCT_BUNDLE_IDENTIFIER = "jovanitrejo.UI-Info";
				PRODUCT_NAME = "$(TARGET_NAME)";
				SWIFT_EMIT_LOC_STRINGS = YES;
				SWIFT_VERSION = 5.0;
				TARGETED_DEVICE_FAMILY = "1,2";
			};
			name = Release;
		};
/* End XCBuildConfiguration section */

/* Begin XCConfigurationList section */
		0DBA596F2C090CD2000A1FE3 /* Build configuration list for PBXProject "UI Info" */ = {
			isa = XCConfigurationList;
			buildConfigurations = (
				0DBA59802C090CD3000A1FE3 /* Debug */,
				0DBA59812C090CD3000A1FE3 /* Release */,
			);
			defaultConfigurationIsVisible = 0;
			defaultConfigurationName = Release;
		};
		0DBA59822C090CD3000A1FE3 /* Build configuration list for PBXNativeTarget "UI Info" */ = {
			isa = XCConfigurationList;
			buildConfigurations = (
				0DBA59832C090CD3000A1FE3 /* Debug */,
				0DBA59842C090CD3000A1FE3 /* Release */,
			);
			defaultConfigurationIsVisible = 0;
			defaultConfigurationName = Release;
		};
/* End XCConfigurationList section */

/* Begin XCRemoteSwiftPackageReference section */
		0DBA59C12C090E7A000A1FE3 /* XCRemoteSwiftPackageReference "aws-sdk-ios-spm" */ = {
			isa = XCRemoteSwiftPackageReference;
			repositoryURL = "https://github.com/aws-amplify/aws-sdk-ios-spm.git";
			requirement = {
				kind = upToNextMajorVersion;
				minimumVersion = 2.36.2;
			};
		};
/* End XCRemoteSwiftPackageReference section */

/* Begin XCSwiftPackageProductDependency section */
		0DBA59C22C090E7A000A1FE3 /* AWSCognitoIdentityProvider */ = {
			isa = XCSwiftPackageProductDependency;
			package = 0DBA59C12C090E7A000A1FE3 /* XCRemoteSwiftPackageReference "aws-sdk-ios-spm" */;
			productName = AWSCognitoIdentityProvider;
		};
		0DBA59C42C090E7A000A1FE3 /* AWSCore */ = {
			isa = XCSwiftPackageProductDependency;
			package = 0DBA59C12C090E7A000A1FE3 /* XCRemoteSwiftPackageReference "aws-sdk-ios-spm" */;
			productName = AWSCore;
		};
		0DBA59C62C090E7A000A1FE3 /* AWSS3 */ = {
			isa = XCSwiftPackageProductDependency;
			package = 0DBA59C12C090E7A000A1FE3 /* XCRemoteSwiftPackageReference "aws-sdk-ios-spm" */;
			productName = AWSS3;
		};
/* End XCSwiftPackageProductDependency section */
	};
	rootObject = 0DBA596C2C090CD2000A1FE3 /* Project object */;
}
